<?xml version="1.0" encoding="utf-8"?>
<Project ToolsVersion="4.0" xmlns="http://schemas.microsoft.com/developer/msbuild/2003">
  <ItemGroup>
    <Filter Include="Source Files">
      <UniqueIdentifier>{4FC737F1-C7A5-4376-A066-2A32D752A2FF}</UniqueIdentifier>
      <Extensions>cpp;c;cc;cxx;def;odl;idl;hpj;bat;asm;asmx</Extensions>
    </Filter>
    <Filter Include="Header Files">
      <UniqueIdentifier>{93995380-89BD-4b04-88EB-625FBE52EBFB}</UniqueIdentifier>
      <Extensions>h;hh;hpp;hxx;hm;inl;inc;xsd</Extensions>
    </Filter>
    <Filter Include="Resource Files">
      <UniqueIdentifier>{67DA6AB6-F800-4c08-8B7A-83BB121AAD01}</UniqueIdentifier>
      <Extensions>rc;ico;cur;bmp;dlg;rc2;rct;bin;rgs;gif;jpg;jpeg;jpe;resx;tiff;tif;png;wav;mfcribbon-ms</Extensions>
    </Filter>
    <Filter Include="Framework">
      <UniqueIdentifier>{d7db5533-2144-4824-a27a-39b4137888c3}</UniqueIdentifier>
    </Filter>
    <Filter Include="Scene">
      <UniqueIdentifier>{70240674-3763-44e1-989c-f5213faf2514}</UniqueIdentifier>
    </Filter>
    <Filter Include="Object">
      <UniqueIdentifier>{641321ee-1b07-48b8-ba76-c92aa13a3cf9}</UniqueIdentifier>
    </Filter>
    <Filter Include="Object\Mario">
      <UniqueIdentifier>{5cb71fe4-22ce-4367-9984-c74b0d17dfbc}</UniqueIdentifier>
    </Filter>
    <Filter Include="Object\StaticOject">
      <UniqueIdentifier>{a50200dc-7756-4a92-8b4d-7f2e9805955a}</UniqueIdentifier>
    </Filter>
    <Filter Include="Object\Enemy">
      <UniqueIdentifier>{47765a5d-2766-41bc-bafa-94df5be0e616}</UniqueIdentifier>
    </Filter>
    <Filter Include="SceneText">
      <UniqueIdentifier>{b13ea25b-58b9-42e5-902d-f4b28c777334}</UniqueIdentifier>
    </Filter>
    <Filter Include="Object\FireBall">
      <UniqueIdentifier>{7592552b-7703-48ff-a127-dbeedb0e54d8}</UniqueIdentifier>
    </Filter>
    <Filter Include="Object\Item">
      <UniqueIdentifier>{7511e365-fce2-4e8e-86da-b0e86639ffc9}</UniqueIdentifier>
    </Filter>
    <Filter Include="Framework\Map">
      <UniqueIdentifier>{ac5d6635-5b5c-42e4-9d94-2bdc6a490060}</UniqueIdentifier>
    </Filter>
    <Filter Include="Object\Hud">
      <UniqueIdentifier>{22fd2b8f-0a2c-43d4-88ff-c97b9f86825e}</UniqueIdentifier>
    </Filter>
    <Filter Include="Object\StaticOject\Ground">
      <UniqueIdentifier>{c8c252b7-f2f6-4ca2-a98c-3e6d1c3a5fae}</UniqueIdentifier>
    </Filter>
    <Filter Include="Object\StaticOject\Trigger">
      <UniqueIdentifier>{7ed8effe-9b34-4ef5-a30f-96a5b9c6923b}</UniqueIdentifier>
    </Filter>
  </ItemGroup>
  <ItemGroup>
    <ClCompile Include="Sprites.cpp">
      <Filter>Framework</Filter>
    </ClCompile>
    <ClCompile Include="Textures.cpp">
      <Filter>Framework</Filter>
    </ClCompile>
    <ClCompile Include="Utils.cpp">
      <Filter>Framework</Filter>
    </ClCompile>
    <ClCompile Include="GameObject.cpp">
      <Filter>Framework</Filter>
    </ClCompile>
    <ClCompile Include="Game.cpp">
      <Filter>Framework</Filter>
    </ClCompile>
    <ClCompile Include="PlayScence.cpp">
      <Filter>Scene</Filter>
    </ClCompile>
    <ClCompile Include="Scence.cpp">
      <Filter>Scene</Filter>
    </ClCompile>
    <ClCompile Include="Mario.cpp">
      <Filter>Object\Mario</Filter>
    </ClCompile>
    <ClCompile Include="Brick.cpp">
      <Filter>Object\StaticOject</Filter>
    </ClCompile>
    <ClCompile Include="Portal.cpp">
      <Filter>Object\StaticOject</Filter>
    </ClCompile>
    <ClCompile Include="Goomba.cpp">
      <Filter>Object\Enemy</Filter>
    </ClCompile>
    <ClCompile Include="Ground.cpp">
      <Filter>Object\StaticOject\Ground</Filter>
    </ClCompile>
    <ClCompile Include="main.cpp">
      <Filter>Source Files</Filter>
    </ClCompile>
    <ClCompile Include="Map.cpp">
      <Filter>Framework\Map</Filter>
    </ClCompile>
    <ClCompile Include="Coin.cpp">
      <Filter>Object\StaticOject</Filter>
    </ClCompile>
    <ClCompile Include="FireBall.cpp">
      <Filter>Object\FireBall</Filter>
    </ClCompile>
    <ClCompile Include="QuestionMark.cpp">
      <Filter>Object\StaticOject</Filter>
    </ClCompile>
    <ClCompile Include="Koopas.cpp">
      <Filter>Object\Enemy</Filter>
    </ClCompile>
    <ClCompile Include="Item.cpp">
      <Filter>Object\Item</Filter>
    </ClCompile>
    <ClCompile Include="Mushrooms.cpp">
      <Filter>Object\Item</Filter>
    </ClCompile>
    <ClCompile Include="ItemCoin.cpp">
      <Filter>Object\Item</Filter>
    </ClCompile>
    <ClCompile Include="Animations.cpp">
      <Filter>Framework</Filter>
    </ClCompile>
    <ClCompile Include="ItemLeaves.cpp">
      <Filter>Object\Item</Filter>
    </ClCompile>
    <ClCompile Include="ItemSign.cpp">
      <Filter>Object\Item</Filter>
    </ClCompile>
    <ClCompile Include="Cactus.cpp">
      <Filter>Object\Enemy</Filter>
    </ClCompile>
    <ClCompile Include="SewerPipes.cpp">
      <Filter>Object\StaticOject\Ground</Filter>
    </ClCompile>
    <ClCompile Include="FireBallCacTus.cpp">
      <Filter>Object\FireBall</Filter>
    </ClCompile>
    <ClCompile Include="Hud.cpp">
      <Filter>Object\Hud</Filter>
    </ClCompile>
    <ClCompile Include="CTree.cpp">
      <Filter>Object\StaticOject</Filter>
    </ClCompile>
    <ClCompile Include="SceneProperties.cpp">
      <Filter>Scene</Filter>
    </ClCompile>
    <ClCompile Include="Trigger.cpp">
      <Filter>Object\StaticOject\Trigger</Filter>
    </ClCompile>
    <ClCompile Include="Trigger_ChangeCamera.cpp">
      <Filter>Object\StaticOject\Trigger</Filter>
    </ClCompile>
    <ClCompile Include="CTail.cpp">
      <Filter>Object\Mario</Filter>
    </ClCompile>
    <ClCompile Include="CBroken.cpp">
      <Filter>Object\StaticOject</Filter>
    </ClCompile>
    <ClCompile Include="CCheckStop.cpp">
      <Filter>Object\StaticOject\Trigger</Filter>
    </ClCompile>
  </ItemGroup>
  <ItemGroup>
    <ClInclude Include="Utils.h">
      <Filter>Framework</Filter>
    </ClInclude>
    <ClInclude Include="Textures.h">
      <Filter>Framework</Filter>
    </ClInclude>
    <ClInclude Include="Sprites.h">
      <Filter>Framework</Filter>
    </ClInclude>
    <ClInclude Include="KeyEventHandler.h">
      <Filter>Framework</Filter>
    </ClInclude>
    <ClInclude Include="GameObject.h">
      <Filter>Framework</Filter>
    </ClInclude>
    <ClInclude Include="Game.h">
      <Filter>Framework</Filter>
    </ClInclude>
    <ClInclude Include="Animations.h">
      <Filter>Framework</Filter>
    </ClInclude>
    <ClInclude Include="PlayScence.h">
      <Filter>Scene</Filter>
    </ClInclude>
    <ClInclude Include="Scence.h">
      <Filter>Scene</Filter>
    </ClInclude>
    <ClInclude Include="Mario.h">
      <Filter>Object\Mario</Filter>
    </ClInclude>
    <ClInclude Include="Brick.h">
      <Filter>Object\StaticOject</Filter>
    </ClInclude>
    <ClInclude Include="Portal.h">
      <Filter>Object\StaticOject</Filter>
    </ClInclude>
    <ClInclude Include="Ground.h">
      <Filter>Object\StaticOject\Ground</Filter>
    </ClInclude>
    <ClInclude Include="Map.h">
      <Filter>Framework\Map</Filter>
    </ClInclude>
    <ClInclude Include="Goomba.h">
      <Filter>Object\Enemy</Filter>
    </ClInclude>
    <ClInclude Include="Coin.h">
      <Filter>Object\StaticOject</Filter>
    </ClInclude>
    <ClInclude Include="FireBall.h">
      <Filter>Object\FireBall</Filter>
    </ClInclude>
    <ClInclude Include="QuestionMark.h">
      <Filter>Object\StaticOject</Filter>
    </ClInclude>
    <ClInclude Include="Koopas.h">
      <Filter>Object\Enemy</Filter>
    </ClInclude>
    <ClInclude Include="Item.h">
      <Filter>Object\Item</Filter>
    </ClInclude>
    <ClInclude Include="Mushrooms.h">
      <Filter>Object\Item</Filter>
    </ClInclude>
    <ClInclude Include="ItemCoin.h">
      <Filter>Object\Item</Filter>
    </ClInclude>
    <ClInclude Include="ItemLeaves.h">
      <Filter>Object\Item</Filter>
    </ClInclude>
    <ClInclude Include="ItemSign.h">
      <Filter>Object\Item</Filter>
    </ClInclude>
    <ClInclude Include="Cactus.h">
      <Filter>Object\Enemy</Filter>
    </ClInclude>
    <ClInclude Include="SewerPipes.h">
      <Filter>Object\StaticOject\Ground</Filter>
    </ClInclude>
    <ClInclude Include="FireBallCacTus.h">
      <Filter>Object\FireBall</Filter>
    </ClInclude>
    <ClInclude Include="Hud.h">
      <Filter>Object\Hud</Filter>
    </ClInclude>
    <ClInclude Include="CTree.h">
      <Filter>Object\StaticOject</Filter>
    </ClInclude>
    <ClInclude Include="SceneProperties.h">
      <Filter>Scene</Filter>
    </ClInclude>
    <ClInclude Include="Trigger.h">
      <Filter>Object\StaticOject\Trigger</Filter>
    </ClInclude>
    <ClInclude Include="Trigger_ChangeCamera.h">
      <Filter>Object\StaticOject\Trigger</Filter>
    </ClInclude>
    <ClInclude Include="CTail.h">
      <Filter>Object\Mario</Filter>
    </ClInclude>
    <ClInclude Include="CBroken.h">
      <Filter>Object\StaticOject</Filter>
    </ClInclude>
    <ClInclude Include="CCheckStop.h">
      <Filter>Object\StaticOject\Trigger</Filter>
    </ClInclude>
  </ItemGroup>
  <ItemGroup>
    <Text Include="scene-test.txt">
      <Filter>SceneText</Filter>
    </Text>
    <Text Include="scene2.1.txt">
      <Filter>SceneText</Filter>
    </Text>
    <Text Include="scene2.2.txt">
      <Filter>SceneText</Filter>
    </Text>
    <Text Include="scene3.1.txt">
      <Filter>SceneText</Filter>
    </Text>
    <Text Include="scene3.2.txt">
      <Filter>SceneText</Filter>
    </Text>
    <Text Include="mario-sample.txt">
      <Filter>SceneText</Filter>
    </Text>
    <Text Include="scene1.2.txt">
      <Filter>SceneText</Filter>
    </Text>
    <Text Include="scene4.1.txt">
      <Filter>SceneText</Filter>
    </Text>
    <Text Include="scene4.2.txt">
      <Filter>SceneText</Filter>
    </Text>
    <Text Include="scene5.1.txt">
      <Filter>SceneText</Filter>
    </Text>
    <Text Include="scene5.2.txt">
      <Filter>SceneText</Filter>
    </Text>
    <Text Include="scene-start.txt">
      <Filter>SceneText</Filter>
    </Text>
    <Text Include="scene-test1.1.txt">
      <Filter>SceneText</Filter>
    </Text>
  </ItemGroup>
</Project>